// !$*UTF8*$!
{
	archiveVersion = 1;
	classes = {
	};
	objectVersion = 50;
	objects = {

/* Begin PBXBuildFile section */
		9148B31A21B1A8BF00BDC559 /* Item.swift in Sources */ = {isa = PBXBuildFile; fileRef = 9148B31921B1A8BF00BDC559 /* Item.swift */; };
		9148B31C21B1A8C600BDC559 /* Category.swift in Sources */ = {isa = PBXBuildFile; fileRef = 9148B31B21B1A8C600BDC559 /* Category.swift */; };
		914BFA6E21A0A72B0060BEB9 /* AppDelegate.swift in Sources */ = {isa = PBXBuildFile; fileRef = 914BFA6D21A0A72B0060BEB9 /* AppDelegate.swift */; };
		914BFA7021A0A72B0060BEB9 /* TodoListViewController.swift in Sources */ = {isa = PBXBuildFile; fileRef = 914BFA6F21A0A72B0060BEB9 /* TodoListViewController.swift */; };
		914BFA7321A0A72B0060BEB9 /* Main.storyboard in Resources */ = {isa = PBXBuildFile; fileRef = 914BFA7121A0A72B0060BEB9 /* Main.storyboard */; };
		914BFA7521A0A72F0060BEB9 /* Assets.xcassets in Resources */ = {isa = PBXBuildFile; fileRef = 914BFA7421A0A72F0060BEB9 /* Assets.xcassets */; };
		914BFA7821A0A72F0060BEB9 /* LaunchScreen.storyboard in Resources */ = {isa = PBXBuildFile; fileRef = 914BFA7621A0A72F0060BEB9 /* LaunchScreen.storyboard */; };
		91729A5EE91A9C9E7B46AFB5 /* Pods_Todoey.framework in Frameworks */ = {isa = PBXBuildFile; fileRef = 61B25E99AE8B251423E3E48B /* Pods_Todoey.framework */; };
		91A8263821B14B6400A19046 /* CategoryViewController.swift in Sources */ = {isa = PBXBuildFile; fileRef = 91A8263721B14B6400A19046 /* CategoryViewController.swift */; };
		91A8263A21B178BD00A19046 /* Extensions.swift in Sources */ = {isa = PBXBuildFile; fileRef = 91A8263921B178BD00A19046 /* Extensions.swift */; };
/* End PBXBuildFile section */

/* Begin PBXFileReference section */
		562C1ABE10A89F082F3EBAB4 /* Pods-Todoey.debug.xcconfig */ = {isa = PBXFileReference; includeInIndex = 1; lastKnownFileType = text.xcconfig; name = "Pods-Todoey.debug.xcconfig"; path = "Pods/Target Support Files/Pods-Todoey/Pods-Todoey.debug.xcconfig"; sourceTree = "<group>"; };
		61B25E99AE8B251423E3E48B /* Pods_Todoey.framework */ = {isa = PBXFileReference; explicitFileType = wrapper.framework; includeInIndex = 0; path = Pods_Todoey.framework; sourceTree = BUILT_PRODUCTS_DIR; };
		9148B31921B1A8BF00BDC559 /* Item.swift */ = {isa = PBXFileReference; lastKnownFileType = sourcecode.swift; path = Item.swift; sourceTree = "<group>"; };
		9148B31B21B1A8C600BDC559 /* Category.swift */ = {isa = PBXFileReference; lastKnownFileType = sourcecode.swift; path = Category.swift; sourceTree = "<group>"; };
		914BFA6A21A0A72B0060BEB9 /* Todoey.app */ = {isa = PBXFileReference; explicitFileType = wrapper.application; includeInIndex = 0; path = Todoey.app; sourceTree = BUILT_PRODUCTS_DIR; };
		914BFA6D21A0A72B0060BEB9 /* AppDelegate.swift */ = {isa = PBXFileReference; lastKnownFileType = sourcecode.swift; path = AppDelegate.swift; sourceTree = "<group>"; };
		914BFA6F21A0A72B0060BEB9 /* TodoListViewController.swift */ = {isa = PBXFileReference; lastKnownFileType = sourcecode.swift; path = TodoListViewController.swift; sourceTree = "<group>"; };
		914BFA7221A0A72B0060BEB9 /* Base */ = {isa = PBXFileReference; lastKnownFileType = file.storyboard; name = Base; path = Base.lproj/Main.storyboard; sourceTree = "<group>"; };
		914BFA7421A0A72F0060BEB9 /* Assets.xcassets */ = {isa = PBXFileReference; lastKnownFileType = folder.assetcatalog; path = Assets.xcassets; sourceTree = "<group>"; };
		914BFA7721A0A72F0060BEB9 /* Base */ = {isa = PBXFileReference; lastKnownFileType = file.storyboard; name = Base; path = Base.lproj/LaunchScreen.storyboard; sourceTree = "<group>"; };
		914BFA7921A0A72F0060BEB9 /* Info.plist */ = {isa = PBXFileReference; lastKnownFileType = text.plist.xml; path = Info.plist; sourceTree = "<group>"; };
		91A8263721B14B6400A19046 /* CategoryViewController.swift */ = {isa = PBXFileReference; lastKnownFileType = sourcecode.swift; path = CategoryViewController.swift; sourceTree = "<group>"; };
		91A8263921B178BD00A19046 /* Extensions.swift */ = {isa = PBXFileReference; lastKnownFileType = sourcecode.swift; path = Extensions.swift; sourceTree = "<group>"; };
		E655F0CDB8443BF606B431FB /* Pods-Todoey.release.xcconfig */ = {isa = PBXFileReference; includeInIndex = 1; lastKnownFileType = text.xcconfig; name = "Pods-Todoey.release.xcconfig"; path = "Pods/Target Support Files/Pods-Todoey/Pods-Todoey.release.xcconfig"; sourceTree = "<group>"; };
/* End PBXFileReference section */

/* Begin PBXFrameworksBuildPhase section */
		914BFA6721A0A72B0060BEB9 /* Frameworks */ = {
			isa = PBXFrameworksBuildPhase;
			buildActionMask = 2147483647;
			files = (
				91729A5EE91A9C9E7B46AFB5 /* Pods_Todoey.framework in Frameworks */,
			);
			runOnlyForDeploymentPostprocessing = 0;
		};
/* End PBXFrameworksBuildPhase section */

/* Begin PBXGroup section */
		0EC22D49F913D1553437A162 /* Frameworks */ = {
			isa = PBXGroup;
			children = (
				61B25E99AE8B251423E3E48B /* Pods_Todoey.framework */,
			);
			name = Frameworks;
			sourceTree = "<group>";
		};
		21F8757592D591FD0DFA87EF /* Pods */ = {
			isa = PBXGroup;
			children = (
				562C1ABE10A89F082F3EBAB4 /* Pods-Todoey.debug.xcconfig */,
				E655F0CDB8443BF606B431FB /* Pods-Todoey.release.xcconfig */,
			);
			name = Pods;
			sourceTree = "<group>";
		};
		9144860521A9EDDD00C0F66C /* Views */ = {
			isa = PBXGroup;
			children = (
				914BFA7121A0A72B0060BEB9 /* Main.storyboard */,
			);
			path = Views;
			sourceTree = "<group>";
		};
		9144860621A9EDFE00C0F66C /* Controllers */ = {
			isa = PBXGroup;
			children = (
				91A8263721B14B6400A19046 /* CategoryViewController.swift */,
				914BFA6F21A0A72B0060BEB9 /* TodoListViewController.swift */,
			);
			path = Controllers;
			sourceTree = "<group>";
		};
		9144860921A9EE1B00C0F66C /* Data Model */ = {
			isa = PBXGroup;
			children = (
				9148B31B21B1A8C600BDC559 /* Category.swift */,
				9148B31921B1A8BF00BDC559 /* Item.swift */,
			);
			path = "Data Model";
			sourceTree = "<group>";
		};
		914BFA6121A0A72B0060BEB9 = {
			isa = PBXGroup;
			children = (
				914BFA6C21A0A72B0060BEB9 /* Todoey */,
				914BFA6B21A0A72B0060BEB9 /* Products */,
				21F8757592D591FD0DFA87EF /* Pods */,
				0EC22D49F913D1553437A162 /* Frameworks */,
			);
			sourceTree = "<group>";
		};
		914BFA6B21A0A72B0060BEB9 /* Products */ = {
			isa = PBXGroup;
			children = (
				914BFA6A21A0A72B0060BEB9 /* Todoey.app */,
			);
			name = Products;
			sourceTree = "<group>";
		};
		914BFA6C21A0A72B0060BEB9 /* Todoey */ = {
			isa = PBXGroup;
			children = (
				914BFA6D21A0A72B0060BEB9 /* AppDelegate.swift */,
				91A8263921B178BD00A19046 /* Extensions.swift */,
				9144860921A9EE1B00C0F66C /* Data Model */,
				9144860621A9EDFE00C0F66C /* Controllers */,
				9144860521A9EDDD00C0F66C /* Views */,
				914BFA7421A0A72F0060BEB9 /* Assets.xcassets */,
				914BFA7621A0A72F0060BEB9 /* LaunchScreen.storyboard */,
				914BFA7921A0A72F0060BEB9 /* Info.plist */,
			);
			path = Todoey;
			sourceTree = "<group>";
		};
/* End PBXGroup section */

/* Begin PBXNativeTarget section */
		914BFA6921A0A72B0060BEB9 /* Todoey */ = {
			isa = PBXNativeTarget;
			buildConfigurationList = 914BFA7C21A0A72F0060BEB9 /* Build configuration list for PBXNativeTarget "Todoey" */;
			buildPhases = (
				5C9668FC402FA3AABDB7261F /* [CP] Check Pods Manifest.lock */,
				914BFA6621A0A72B0060BEB9 /* Sources */,
				914BFA6721A0A72B0060BEB9 /* Frameworks */,
				914BFA6821A0A72B0060BEB9 /* Resources */,
				10DED99784E1EBCEE6743288 /* [CP] Embed Pods Frameworks */,
			);
			buildRules = (
			);
			dependencies = (
			);
			name = Todoey;
			productName = Todoey;
			productReference = 914BFA6A21A0A72B0060BEB9 /* Todoey.app */;
			productType = "com.apple.product-type.application";
		};
/* End PBXNativeTarget section */

/* Begin PBXProject section */
		914BFA6221A0A72B0060BEB9 /* Project object */ = {
			isa = PBXProject;
			attributes = {
				LastSwiftUpdateCheck = 1010;
				LastUpgradeCheck = 1010;
				ORGANIZATIONNAME = "Sergey Larkin";
				TargetAttributes = {
					914BFA6921A0A72B0060BEB9 = {
						CreatedOnToolsVersion = 10.1;
					};
				};
			};
			buildConfigurationList = 914BFA6521A0A72B0060BEB9 /* Build configuration list for PBXProject "Todoey" */;
			compatibilityVersion = "Xcode 9.3";
			developmentRegion = en;
			hasScannedForEncodings = 0;
			knownRegions = (
				en,
				Base,
			);
			mainGroup = 914BFA6121A0A72B0060BEB9;
			productRefGroup = 914BFA6B21A0A72B0060BEB9 /* Products */;
			projectDirPath = "";
			projectRoot = "";
			targets = (
				914BFA6921A0A72B0060BEB9 /* Todoey */,
			);
		};
/* End PBXProject section */

/* Begin PBXResourcesBuildPhase section */
		914BFA6821A0A72B0060BEB9 /* Resources */ = {
			isa = PBXResourcesBuildPhase;
			buildActionMask = 2147483647;
			files = (
				914BFA7821A0A72F0060BEB9 /* LaunchScreen.storyboard in Resources */,
				914BFA7521A0A72F0060BEB9 /* Assets.xcassets in Resources */,
				914BFA7321A0A72B0060BEB9 /* Main.storyboard in Resources */,
			);
			runOnlyForDeploymentPostprocessing = 0;
		};
/* End PBXResourcesBuildPhase section */

/* Begin PBXShellScriptBuildPhase section */
		10DED99784E1EBCEE6743288 /* [CP] Embed Pods Frameworks */ = {
			isa = PBXShellScriptBuildPhase;
			buildActionMask = 2147483647;
			files = (
			);
			inputFileListPaths = (
			);
			inputPaths = (
				"${SRCROOT}/Pods/Target Support Files/Pods-Todoey/Pods-Todoey-frameworks.sh",
				"${BUILT_PRODUCTS_DIR}/Realm/Realm.framework",
				"${BUILT_PRODUCTS_DIR}/RealmSwift/RealmSwift.framework",
				"${BUILT_PRODUCTS_DIR}/SwipeCellKit/SwipeCellKit.framework",
			);
			name = "[CP] Embed Pods Frameworks";
			outputFileListPaths = (
			);
			outputPaths = (
				"${TARGET_BUILD_DIR}/${FRAMEWORKS_FOLDER_PATH}/Realm.framework",
				"${TARGET_BUILD_DIR}/${FRAMEWORKS_FOLDER_PATH}/RealmSwift.framework",
				"${TARGET_BUILD_DIR}/${FRAMEWORKS_FOLDER_PATH}/SwipeCellKit.framework",
			);
			runOnlyForDeploymentPostprocessing = 0;
			shellPath = /bin/sh;
			shellScript = "\"${SRCROOT}/Pods/Target Support Files/Pods-Todoey/Pods-Todoey-frameworks.sh\"\n";
			showEnvVarsInLog = 0;
		};
		5C9668FC402FA3AABDB7261F /* [CP] Check Pods Manifest.lock */ = {
			isa = PBXShellScriptBuildPhase;
			buildActionMask = 2147483647;
			files = (
			);
			inputFileListPaths = (
			);
			inputPaths = (
				"${PODS_PODFILE_DIR_PATH}/Podfile.lock",
				"${PODS_ROOT}/Manifest.lock",
			);
			name = "[CP] Check Pods Manifest.lock";
			outputFileListPaths = (
			);
			outputPaths = (
				"$(DERIVED_FILE_DIR)/Pods-Todoey-checkManifestLockResult.txt",
			);
			runOnlyForDeploymentPostprocessing = 0;
			shellPath = /bin/sh;
			shellScript = "diff \"${PODS_PODFILE_DIR_PATH}/Podfile.lock\" \"${PODS_ROOT}/Manifest.lock\" > /dev/null\nif [ $? != 0 ] ; then\n    # print error to STDERR\n    echo \"error: The sandbox is not in sync with the Podfile.lock. Run 'pod install' or update your CocoaPods installation.\" >&2\n    exit 1\nfi\n# This output is used by Xcode 'outputs' to avoid re-running this script phase.\necho \"SUCCESS\" > \"${SCRIPT_OUTPUT_FILE_0}\"\n";
			showEnvVarsInLog = 0;
		};
/* End PBXShellScriptBuildPhase section */

/* Begin PBXSourcesBuildPhase section */
		914BFA6621A0A72B0060BEB9 /* Sources */ = {
			isa = PBXSourcesBuildPhase;
			buildActionMask = 2147483647;
			files = (
				91A8263A21B178BD00A19046 /* Extensions.swift in Sources */,
				91A8263821B14B6400A19046 /* CategoryViewController.swift in Sources */,
				914BFA7021A0A72B0060BEB9 /* TodoListViewController.swift in Sources */,
				9148B31A21B1A8BF00BDC559 /* Item.swift in Sources */,
				914BFA6E21A0A72B0060BEB9 /* AppDelegate.swift in Sources */,
				9148B31C21B1A8C600BDC559 /* Category.swift in Sources */,
			);
			runOnlyForDeploymentPostprocessing = 0;
		};
/* End PBXSourcesBuildPhase section */

/* Begin PBXVariantGroup section */
		914BFA7121A0A72B0060BEB9 /* Main.storyboard */ = {
			isa = PBXVariantGroup;
			children = (
				914BFA7221A0A72B0060BEB9 /* Base */,
			);
			name = Main.storyboard;
			sourceTree = "<group>";
		};
		914BFA7621A0A72F0060BEB9 /* LaunchScreen.storyboard */ = {
			isa = PBXVariantGroup;
			children = (
				914BFA7721A0A72F0060BEB9 /* Base */,
			);
			name = LaunchScreen.storyboard;
			sourceTree = "<group>";
		};
/* End PBXVariantGroup section */

/* Begin XCBuildConfiguration section */
		914BFA7A21A0A72F0060BEB9 /* Debug */ = {
			isa = XCBuildConfiguration;
			buildSettings = {
				ALWAYS_SEARCH_USER_PATHS = NO;
				CLANG_ANALYZER_NONNULL = YES;
				CLANG_ANALYZER_NUMBER_OBJECT_CONVERSION = YES_AGGRESSIVE;
				CLANG_CXX_LANGUAGE_STANDARD = "gnu++14";
				CLANG_CXX_LIBRARY = "libc++";
				CLANG_ENABLE_MODULES = YES;
				CLANG_ENABLE_OBJC_ARC = YES;
				CLANG_ENABLE_OBJC_WEAK = YES;
				CLANG_WARN_BLOCK_CAPTURE_AUTORELEASING = YES;
				CLANG_WARN_BOOL_CONVERSION = YES;
				CLANG_WARN_COMMA = YES;
				CLANG_WARN_CONSTANT_CONVERSION = YES;
				CLANG_WARN_DEPRECATED_OBJC_IMPLEMENTATIONS = YES;
				CLANG_WARN_DIRECT_OBJC_ISA_USAGE = YES_ERROR;
				CLANG_WARN_DOCUMENTATION_COMMENTS = YES;
				CLANG_WARN_EMPTY_BODY = YES;
				CLANG_WARN_ENUM_CONVERSION = YES;
				CLANG_WARN_INFINITE_RECURSION = YES;
				CLANG_WARN_INT_CONVERSION = YES;
				CLANG_WARN_NON_LITERAL_NULL_CONVERSION = YES;
				CLANG_WARN_OBJC_IMPLICIT_RETAIN_SELF = YES;
				CLANG_WARN_OBJC_LITERAL_CONVERSION = YES;
				CLANG_WARN_OBJC_ROOT_CLASS = YES_ERROR;
				CLANG_WARN_RANGE_LOOP_ANALYSIS = YES;
				CLANG_WARN_STRICT_PROTOTYPES = YES;
				CLANG_WARN_SUSPICIOUS_MOVE = YES;
				CLANG_WARN_UNGUARDED_AVAILABILITY = YES_AGGRESSIVE;
				CLANG_WARN_UNREACHABLE_CODE = YES;
				CLANG_WARN__DUPLICATE_METHOD_MATCH = YES;
				CODE_SIGN_IDENTITY = "iPhone Developer";
				COPY_PHASE_STRIP = NO;
				DEBUG_INFORMATION_FORMAT = dwarf;
				ENABLE_STRICT_OBJC_MSGSEND = YES;
				ENABLE_TESTABILITY = YES;
				GCC_C_LANGUAGE_STANDARD = gnu11;
				GCC_DYNAMIC_NO_PIC = NO;
				GCC_NO_COMMON_BLOCKS = YES;
				GCC_OPTIMIZATION_LEVEL = 0;
				GCC_PREPROCESSOR_DEFINITIONS = (
					"DEBUG=1",
					"$(inherited)",
				);
				GCC_WARN_64_TO_32_BIT_CONVERSION = YES;
				GCC_WARN_ABOUT_RETURN_TYPE = YES_ERROR;
				GCC_WARN_UNDECLARED_SELECTOR = YES;
				GCC_WARN_UNINITIALIZED_AUTOS = YES_AGGRESSIVE;
				GCC_WARN_UNUSED_FUNCTION = YES;
				GCC_WARN_UNUSED_VARIABLE = YES;
				IPHONEOS_DEPLOYMENT_TARGET = 12.1;
				MTL_ENABLE_DEBUG_INFO = INCLUDE_SOURCE;
				MTL_FAST_MATH = YES;
				ONLY_ACTIVE_ARCH = YES;
				SDKROOT = iphoneos;
				SWIFT_ACTIVE_COMPILATION_CONDITIONS = DEBUG;
				SWIFT_OPTIMIZATION_LEVEL = "-Onone";
			};
			name = Debug;
		};
		914BFA7B21A0A72F0060BEB9 /* Release */ = {
			isa = XCBuildConfiguration;
			buildSettings = {
				ALWAYS_SEARCH_USER_PATHS = NO;
				CLANG_ANALYZER_NONNULL = YES;
				CLANG_ANALYZER_NUMBER_OBJECT_CONVERSION = YES_AGGRESSIVE;
				CLANG_CXX_LANGUAGE_STANDARD = "gnu++14";
				CLANG_CXX_LIBRARY = "libc++";
				CLANG_ENABLE_MODULES = YES;
				CLANG_ENABLE_OBJC_ARC = YES;
				CLANG_ENABLE_OBJC_WEAK = YES;
				CLANG_WARN_BLOCK_CAPTURE_AUTORELEASING = YES;
				CLANG_WARN_BOOL_CONVERSION = YES;
				CLANG_WARN_COMMA = YES;
				CLANG_WARN_CONSTANT_CONVERSION = YES;
				CLANG_WARN_DEPRECATED_OBJC_IMPLEMENTATIONS = YES;
				CLANG_WARN_DIRECT_OBJC_ISA_USAGE = YES_ERROR;
				CLANG_WARN_DOCUMENTATION_COMMENTS = YES;
				CLANG_WARN_EMPTY_BODY = YES;
				CLANG_WARN_ENUM_CONVERSION = YES;
				CLANG_WARN_INFINITE_RECURSION = YES;
				CLANG_WARN_INT_CONVERSION = YES;
				CLANG_WARN_NON_LITERAL_NULL_CONVERSION = YES;
				CLANG_WARN_OBJC_IMPLICIT_RETAIN_SELF = YES;
				CLANG_WARN_OBJC_LITERAL_CONVERSION = YES;
				CLANG_WARN_OBJC_ROOT_CLASS = YES_ERROR;
				CLANG_WARN_RANGE_LOOP_ANALYSIS = YES;
				CLANG_WARN_STRICT_PROTOTYPES = YES;
				CLANG_WARN_SUSPICIOUS_MOVE = YES;
				CLANG_WARN_UNGUARDED_AVAILABILITY = YES_AGGRESSIVE;
				CLANG_WARN_UNREACHABLE_CODE = YES;
				CLANG_WARN__DUPLICATE_METHOD_MATCH = YES;
				CODE_SIGN_IDENTITY = "iPhone Developer";
				COPY_PHASE_STRIP = NO;
				DEBUG_INFORMATION_FORMAT = "dwarf-with-dsym";
				ENABLE_NS_ASSERTIONS = NO;
				ENABLE_STRICT_OBJC_MSGSEND = YES;
				GCC_C_LANGUAGE_STANDARD = gnu11;
				GCC_NO_COMMON_BLOCKS = YES;
				GCC_WARN_64_TO_32_BIT_CONVERSION = YES;
				GCC_WARN_ABOUT_RETURN_TYPE = YES_ERROR;
				GCC_WARN_UNDECLARED_SELECTOR = YES;
				GCC_WARN_UNINITIALIZED_AUTOS = YES_AGGRESSIVE;
				GCC_WARN_UNUSED_FUNCTION = YES;
				GCC_WARN_UNUSED_VARIABLE = YES;
				IPHONEOS_DEPLOYMENT_TARGET = 12.1;
				MTL_ENABLE_DEBUG_INFO = NO;
				MTL_FAST_MATH = YES;
				SDKROOT = iphoneos;
				SWIFT_COMPILATION_MODE = wholemodule;
				SWIFT_OPTIMIZATION_LEVEL = "-O";
				VALIDATE_PRODUCT = YES;
			};
			name = Release;
		};
		914BFA7D21A0A72F0060BEB9 /* Debug */ = {
			isa = XCBuildConfiguration;
			baseConfigurationReference = 562C1ABE10A89F082F3EBAB4 /* Pods-Todoey.debug.xcconfig */;
			buildSettings = {
				ASSETCATALOG_COMPILER_APPICON_NAME = AppIcon;
				CODE_SIGN_STYLE = Automatic;
				DEVELOPMENT_TEAM = 7D9942HRD9;
				INFOPLIST_FILE = Todoey/Info.plist;
				LD_RUNPATH_SEARCH_PATHS = (
					"$(inherited)",
					"@executable_path/Frameworks",
				);
				PRODUCT_BUNDLE_IDENTIFIER = com.SLY.Todoey;
				PRODUCT_NAME = "$(TARGET_NAME)";
				SWIFT_VERSION = 4.2;
				TARGETED_DEVICE_FAMILY = "1,2";
			};
			name = Debug;
		};
		914BFA7E21A0A72F0060BEB9 /* Release */ = {
			isa = XCBuildConfiguration;
			baseConfigurationReference = E655F0CDB8443BF606B431FB /* Pods-Todoey.release.xcconfig */;
			buildSettings = {
				ASSETCATALOG_COMPILER_APPICON_NAME = AppIcon;
				CODE_SIGN_STYLE = Automatic;
				DEVELOPMENT_TEAM = 7D9942HRD9;
				INFOPLIST_FILE = Todoey/Info.plist;
				LD_RUNPATH_SEARCH_PATHS = (
					"$(inherited)",
					"@executable_path/Frameworks",
				);
				PRODUCT_BUNDLE_IDENTIFIER = com.SLY.Todoey;
				PRODUCT_NAME = "$(TARGET_NAME)";
				SWIFT_VERSION = 4.2;
				TARGETED_DEVICE_FAMILY = "1,2";
			};
			name = Release;
		};
/* End XCBuildConfiguration section */

/* Begin XCConfigurationList section */
		914BFA6521A0A72B0060BEB9 /* Build configuration list for PBXProject "Todoey" */ = {
			isa = XCConfigurationList;
			buildConfigurations = (
				914BFA7A21A0A72F0060BEB9 /* Debug */,
				914BFA7B21A0A72F0060BEB9 /* Release */,
			);
			defaultConfigurationIsVisible = 0;
			defaultConfigurationName = Release;
		};
		914BFA7C21A0A72F0060BEB9 /* Build configuration list for PBXNativeTarget "Todoey" */ = {
			isa = XCConfigurationList;
			buildConfigurations = (
				914BFA7D21A0A72F0060BEB9 /* Debug */,
				914BFA7E21A0A72F0060BEB9 /* Release */,
			);
			defaultConfigurationIsVisible = 0;
			defaultConfigurationName = Release;
		};
/* End XCConfigurationList section */
	};
	rootObject = 914BFA6221A0A72B0060BEB9 /* Project object */;
}
